
Microsoft Visual Studio Solution File, Format Version 12.00
# Visual Studio Version 17
VisualStudioVersion = 17.6.33815.320
MinimumVisualStudioVersion = 10.0.40219.1
Project("{9A19103F-16F7-4668-BE54-9A1E7A4F7556}") = "RabbitMQExporter", "DataDispatchPipeline\RabbitMQExporter.csproj", "{DD3D0016-53FB-4733-9B7E-DEA27DB90856}"
EndProject
Project("{9A19103F-16F7-4668-BE54-9A1E7A4F7556}") = "RabbitMQIngestor", "RabbitMQIngestor\RabbitMQIngestor.csproj", "{986E74D5-5F5C-4255-9F49-9B9569DAAC4E}"
EndProject
Project("{FAE04EC0-301F-11D3-BF4B-00C04F79EFBC}") = "DataProducer", "DataProducer\DataProducer.csproj", "{56CC659B-15A6-47E3-98EA-812E64E62A61}"
EndProject
Project("{FAE04EC0-301F-11D3-BF4B-00C04F79EFBC}") = "DataProducer.Reader", "DataProducer.Reader\DataProducer.Reader.csproj", "{D989AEC1-9002-4201-8EE0-1C4C40961FC7}"
EndProject
Global
	GlobalSection(SolutionConfigurationPlatforms) = preSolution
		Debug|Any CPU = Debug|Any CPU
		Release|Any CPU = Release|Any CPU
	EndGlobalSection
	GlobalSection(ProjectConfigurationPlatforms) = postSolution
		{DD3D0016-53FB-4733-9B7E-DEA27DB90856}.Debug|Any CPU.ActiveCfg = Debug|Any CPU
		{DD3D0016-53FB-4733-9B7E-DEA27DB90856}.Debug|Any CPU.Build.0 = Debug|Any CPU
		{DD3D0016-53FB-4733-9B7E-DEA27DB90856}.Release|Any CPU.ActiveCfg = Release|Any CPU
		{DD3D0016-53FB-4733-9B7E-DEA27DB90856}.Release|Any CPU.Build.0 = Release|Any CPU
		{986E74D5-5F5C-4255-9F49-9B9569DAAC4E}.Debug|Any CPU.ActiveCfg = Debug|Any CPU
		{986E74D5-5F5C-4255-9F49-9B9569DAAC4E}.Debug|Any CPU.Build.0 = Debug|Any CPU
		{986E74D5-5F5C-4255-9F49-9B9569DAAC4E}.Release|Any CPU.ActiveCfg = Release|Any CPU
		{986E74D5-5F5C-4255-9F49-9B9569DAAC4E}.Release|Any CPU.Build.0 = Release|Any CPU
		{56CC659B-15A6-47E3-98EA-812E64E62A61}.Debug|Any CPU.ActiveCfg = Debug|Any CPU
		{56CC659B-15A6-47E3-98EA-812E64E62A61}.Debug|Any CPU.Build.0 = Debug|Any CPU
		{56CC659B-15A6-47E3-98EA-812E64E62A61}.Release|Any CPU.ActiveCfg = Release|Any CPU
		{56CC659B-15A6-47E3-98EA-812E64E62A61}.Release|Any CPU.Build.0 = Release|Any CPU
		{D989AEC1-9002-4201-8EE0-1C4C40961FC7}.Debug|Any CPU.ActiveCfg = Debug|Any CPU
		{D989AEC1-9002-4201-8EE0-1C4C40961FC7}.Debug|Any CPU.Build.0 = Debug|Any CPU
		{D989AEC1-9002-4201-8EE0-1C4C40961FC7}.Release|Any CPU.ActiveCfg = Release|Any CPU
		{D989AEC1-9002-4201-8EE0-1C4C40961FC7}.Release|Any CPU.Build.0 = Release|Any CPU
	EndGlobalSection
	GlobalSection(SolutionProperties) = preSolution
		HideSolutionNode = FALSE
	EndGlobalSection
	GlobalSection(ExtensibilityGlobals) = postSolution
		SolutionGuid = {4196839C-1AD5-4F3F-BA7C-B735457C9962}
	EndGlobalSection
EndGlobal
